
Microsoft Visual Studio Solution File, Format Version 12.00
# Visual Studio Version 16
VisualStudioVersion = 16.0.29911.84
MinimumVisualStudioVersion = 10.0.40219.1
Project("{FAE04EC0-301F-11D3-BF4B-00C04F79EFBC}") = "MovieReservation", "MovieReservation\MovieReservation.csproj", "{BC1535B5-91FC-41D2-8EA6-005D07F50797}"
EndProject
Global
	GlobalSection(SolutionConfigurationPlatforms) = preSolution
		Debug|Any CPU = Debug|Any CPU
		Release|Any CPU = Release|Any CPU
	EndGlobalSection
	GlobalSection(ProjectConfigurationPlatforms) = postSolution
		{BC1535B5-91FC-41D2-8EA6-005D07F50797}.Debug|Any CPU.ActiveCfg = Debug|Any CPU
		{BC1535B5-91FC-41D2-8EA6-005D07F50797}.Debug|Any CPU.Build.0 = Debug|Any CPU
		{BC1535B5-91FC-41D2-8EA6-005D07F50797}.Release|Any CPU.ActiveCfg = Release|Any CPU
		{BC1535B5-91FC-41D2-8EA6-005D07F50797}.Release|Any CPU.Build.0 = Release|Any CPU
	EndGlobalSection
	GlobalSection(SolutionProperties) = preSolution
		HideSolutionNode = FALSE
	EndGlobalSection
	GlobalSection(ExtensibilityGlobals) = postSolution
		SolutionGuid = {4BA1DD08-DC8A-4D8A-91EE-89DE82B1884A}
	EndGlobalSection
EndGlobal
